{
  "version": 4,
  "terraform_version": "1.3.7",
  "serial": 196,
  "lineage": "e2084091-dd74-c713-962b-9bad39fbc972",
  "outputs": {},
  "resources": [
    {
      "mode": "managed",
      "type": "google_project_iam_binding",
      "name": "firestore_owner_binding",
      "provider": "provider[\"registry.terraform.io/hashicorp/google\"]",
      "instances": [
        {
          "schema_version": 0,
          "attributes": {
            "condition": [],
            "etag": "BwXyepIn8E0=",
            "id": "task-2-gks/roles/datastore.owner",
            "members": [
              "serviceAccount:gks-service-account@task-2-gks.iam.gserviceaccount.com"
            ],
            "project": "task-2-gks",
            "role": "roles/datastore.owner"
          },
          "sensitive_attributes": [],
          "private": "bnVsbA==",
          "dependencies": [
            "google_service_account.service_account_gks"
          ]
        }
      ]
    },
    {
      "mode": "managed",
      "type": "google_service_account",
      "name": "service_account_gks",
      "provider": "provider[\"registry.terraform.io/hashicorp/google\"]",
      "instances": [
        {
          "schema_version": 0,
          "attributes": {
            "account_id": "gks-service-account",
            "description": "",
            "disabled": false,
            "display_name": "Dummy Service Account",
            "email": "gks-service-account@task-2-gks.iam.gserviceaccount.com",
            "id": "projects/task-2-gks/serviceAccounts/gks-service-account@task-2-gks.iam.gserviceaccount.com",
            "member": "serviceAccount:gks-service-account@task-2-gks.iam.gserviceaccount.com",
            "name": "projects/task-2-gks/serviceAccounts/gks-service-account@task-2-gks.iam.gserviceaccount.com",
            "project": "task-2-gks",
            "timeouts": null,
            "unique_id": "101400001791426465113"
          },
          "sensitive_attributes": [],
          "private": "eyJlMmJmYjczMC1lY2FhLTExZTYtOGY4OC0zNDM2M2JjN2M0YzAiOnsiY3JlYXRlIjozMDAwMDAwMDAwMDB9fQ=="
        }
      ]
    },
    {
      "mode": "managed",
      "type": "null_resource",
      "name": "helm_install",
      "provider": "provider[\"registry.terraform.io/hashicorp/null\"]",
      "instances": [
        {
          "schema_version": 0,
          "attributes": {
            "id": "2010611014",
            "triggers": null
          },
          "sensitive_attributes": []
        }
      ]
    },
    {
      "mode": "managed",
      "type": "null_resource",
      "name": "on_destroy",
      "provider": "provider[\"registry.terraform.io/hashicorp/null\"]",
      "instances": [
        {
          "schema_version": 0,
          "attributes": {
            "id": "1299102236",
            "triggers": null
          },
          "sensitive_attributes": []
        }
      ]
    }
  ],
  "check_results": null
}
